// !$*UTF8*$!
{
	archiveVersion = 1;
	classes = {
	};
	objectVersion = 50;
	objects = {

/* Begin PBXBuildFile section */
		F6DC582925CDB8EB00D8FF48 /* AppDelegate.swift in Sources */ = {isa = PBXBuildFile; fileRef = F6DC582825CDB8EB00D8FF48 /* AppDelegate.swift */; };
		F6DC582B25CDB8EB00D8FF48 /* ContentView.swift in Sources */ = {isa = PBXBuildFile; fileRef = F6DC582A25CDB8EB00D8FF48 /* ContentView.swift */; };
		F6DC582D25CDB8ED00D8FF48 /* Assets.xcassets in Resources */ = {isa = PBXBuildFile; fileRef = F6DC582C25CDB8ED00D8FF48 /* Assets.xcassets */; };
		F6DC583025CDB8ED00D8FF48 /* Preview Assets.xcassets in Resources */ = {isa = PBXBuildFile; fileRef = F6DC582F25CDB8ED00D8FF48 /* Preview Assets.xcassets */; };
		F6DC583325CDB8ED00D8FF48 /* Main.storyboard in Resources */ = {isa = PBXBuildFile; fileRef = F6DC583125CDB8ED00D8FF48 /* Main.storyboard */; };
		F6DC584025CDCEFC00D8FF48 /* LoginPanel.swift in Sources */ = {isa = PBXBuildFile; fileRef = F6DC583F25CDCEFC00D8FF48 /* LoginPanel.swift */; };
		F6DC584325CDEE0E00D8FF48 /* LoginSettings.swift in Sources */ = {isa = PBXBuildFile; fileRef = F6DC584225CDEE0E00D8FF48 /* LoginSettings.swift */; };
/* End PBXBuildFile section */

/* Begin PBXFileReference section */
		F6DC582525CDB8EB00D8FF48 /* macos-client.app */ = {isa = PBXFileReference; explicitFileType = wrapper.application; includeInIndex = 0; path = "macos-client.app"; sourceTree = BUILT_PRODUCTS_DIR; };
		F6DC582825CDB8EB00D8FF48 /* AppDelegate.swift */ = {isa = PBXFileReference; lastKnownFileType = sourcecode.swift; path = AppDelegate.swift; sourceTree = "<group>"; };
		F6DC582A25CDB8EB00D8FF48 /* ContentView.swift */ = {isa = PBXFileReference; lastKnownFileType = sourcecode.swift; path = ContentView.swift; sourceTree = "<group>"; };
		F6DC582C25CDB8ED00D8FF48 /* Assets.xcassets */ = {isa = PBXFileReference; lastKnownFileType = folder.assetcatalog; path = Assets.xcassets; sourceTree = "<group>"; };
		F6DC582F25CDB8ED00D8FF48 /* Preview Assets.xcassets */ = {isa = PBXFileReference; lastKnownFileType = folder.assetcatalog; path = "Preview Assets.xcassets"; sourceTree = "<group>"; };
		F6DC583225CDB8ED00D8FF48 /* Base */ = {isa = PBXFileReference; lastKnownFileType = file.storyboard; name = Base; path = Base.lproj/Main.storyboard; sourceTree = "<group>"; };
		F6DC583425CDB8ED00D8FF48 /* Info.plist */ = {isa = PBXFileReference; lastKnownFileType = text.plist.xml; path = Info.plist; sourceTree = "<group>"; };
		F6DC583525CDB8ED00D8FF48 /* macos_client.entitlements */ = {isa = PBXFileReference; lastKnownFileType = text.plist.entitlements; path = macos_client.entitlements; sourceTree = "<group>"; };
		F6DC583F25CDCEFC00D8FF48 /* LoginPanel.swift */ = {isa = PBXFileReference; lastKnownFileType = sourcecode.swift; path = LoginPanel.swift; sourceTree = "<group>"; };
		F6DC584225CDEE0E00D8FF48 /* LoginSettings.swift */ = {isa = PBXFileReference; lastKnownFileType = sourcecode.swift; path = LoginSettings.swift; sourceTree = "<group>"; };
/* End PBXFileReference section */

/* Begin PBXFrameworksBuildPhase section */
		F6DC582225CDB8EB00D8FF48 /* Frameworks */ = {
			isa = PBXFrameworksBuildPhase;
			buildActionMask = 2147483647;
			files = (
			);
			runOnlyForDeploymentPostprocessing = 0;
		};
/* End PBXFrameworksBuildPhase section */

/* Begin PBXGroup section */
		F6DC581C25CDB8EB00D8FF48 = {
			isa = PBXGroup;
			children = (
				F6DC582725CDB8EB00D8FF48 /* macos-client */,
				F6DC582625CDB8EB00D8FF48 /* Products */,
			);
			sourceTree = "<group>";
		};
		F6DC582625CDB8EB00D8FF48 /* Products */ = {
			isa = PBXGroup;
			children = (
				F6DC582525CDB8EB00D8FF48 /* macos-client.app */,
			);
			name = Products;
			sourceTree = "<group>";
		};
		F6DC582725CDB8EB00D8FF48 /* macos-client */ = {
			isa = PBXGroup;
			children = (
				F6DC582825CDB8EB00D8FF48 /* AppDelegate.swift */,
				F6DC582A25CDB8EB00D8FF48 /* ContentView.swift */,
				F6DC582C25CDB8ED00D8FF48 /* Assets.xcassets */,
				F6DC583125CDB8ED00D8FF48 /* Main.storyboard */,
				F6DC583425CDB8ED00D8FF48 /* Info.plist */,
				F6DC583525CDB8ED00D8FF48 /* macos_client.entitlements */,
				F6DC582E25CDB8ED00D8FF48 /* Preview Content */,
				F6DC583F25CDCEFC00D8FF48 /* LoginPanel.swift */,
				F6DC584225CDEE0E00D8FF48 /* LoginSettings.swift */,
			);
			path = "macos-client";
			sourceTree = "<group>";
		};
		F6DC582E25CDB8ED00D8FF48 /* Preview Content */ = {
			isa = PBXGroup;
			children = (
				F6DC582F25CDB8ED00D8FF48 /* Preview Assets.xcassets */,
			);
			path = "Preview Content";
			sourceTree = "<group>";
		};
/* End PBXGroup section */

/* Begin PBXNativeTarget section */
		F6DC582425CDB8EB00D8FF48 /* macos-client */ = {
			isa = PBXNativeTarget;
			buildConfigurationList = F6DC583825CDB8ED00D8FF48 /* Build configuration list for PBXNativeTarget "macos-client" */;
			buildPhases = (
				F6DC582125CDB8EB00D8FF48 /* Sources */,
				F6DC582225CDB8EB00D8FF48 /* Frameworks */,
				F6DC582325CDB8EB00D8FF48 /* Resources */,
			);
			buildRules = (
			);
			dependencies = (
			);
			name = "macos-client";
			productName = "macos-client";
			productReference = F6DC582525CDB8EB00D8FF48 /* macos-client.app */;
			productType = "com.apple.product-type.application";
		};
/* End PBXNativeTarget section */

/* Begin PBXProject section */
		F6DC581D25CDB8EB00D8FF48 /* Project object */ = {
			isa = PBXProject;
			attributes = {
				LastSwiftUpdateCheck = 1240;
				LastUpgradeCheck = 1240;
				TargetAttributes = {
					F6DC582425CDB8EB00D8FF48 = {
						CreatedOnToolsVersion = 12.4;
					};
				};
			};
			buildConfigurationList = F6DC582025CDB8EB00D8FF48 /* Build configuration list for PBXProject "macos-client" */;
			compatibilityVersion = "Xcode 9.3";
			developmentRegion = en;
			hasScannedForEncodings = 0;
			knownRegions = (
				en,
				Base,
			);
			mainGroup = F6DC581C25CDB8EB00D8FF48;
			productRefGroup = F6DC582625CDB8EB00D8FF48 /* Products */;
			projectDirPath = "";
			projectRoot = "";
			targets = (
				F6DC582425CDB8EB00D8FF48 /* macos-client */,
			);
		};
/* End PBXProject section */

/* Begin PBXResourcesBuildPhase section */
		F6DC582325CDB8EB00D8FF48 /* Resources */ = {
			isa = PBXResourcesBuildPhase;
			buildActionMask = 2147483647;
			files = (
				F6DC583325CDB8ED00D8FF48 /* Main.storyboard in Resources */,
				F6DC583025CDB8ED00D8FF48 /* Preview Assets.xcassets in Resources */,
				F6DC582D25CDB8ED00D8FF48 /* Assets.xcassets in Resources */,
			);
			runOnlyForDeploymentPostprocessing = 0;
		};
/* End PBXResourcesBuildPhase section */

/* Begin PBXSourcesBuildPhase section */
		F6DC582125CDB8EB00D8FF48 /* Sources */ = {
			isa = PBXSourcesBuildPhase;
			buildActionMask = 2147483647;
			files = (
				F6DC584325CDEE0E00D8FF48 /* LoginSettings.swift in Sources */,
				F6DC584025CDCEFC00D8FF48 /* LoginPanel.swift in Sources */,
				F6DC582B25CDB8EB00D8FF48 /* ContentView.swift in Sources */,
				F6DC582925CDB8EB00D8FF48 /* AppDelegate.swift in Sources */,
			);
			runOnlyForDeploymentPostprocessing = 0;
		};
/* End PBXSourcesBuildPhase section */

/* Begin PBXVariantGroup section */
		F6DC583125CDB8ED00D8FF48 /* Main.storyboard */ = {
			isa = PBXVariantGroup;
			children = (
				F6DC583225CDB8ED00D8FF48 /* Base */,
			);
			name = Main.storyboard;
			sourceTree = "<group>";
		};
/* End PBXVariantGroup section */

/* Begin XCBuildConfiguration section */
		F6DC583625CDB8ED00D8FF48 /* Debug */ = {
			isa = XCBuildConfiguration;
			buildSettings = {
				ALWAYS_SEARCH_USER_PATHS = NO;
				CLANG_ANALYZER_NONNULL = YES;
				CLANG_ANALYZER_NUMBER_OBJECT_CONVERSION = YES_AGGRESSIVE;
				CLANG_CXX_LANGUAGE_STANDARD = "gnu++14";
				CLANG_CXX_LIBRARY = "libc++";
				CLANG_ENABLE_MODULES = YES;
				CLANG_ENABLE_OBJC_ARC = YES;
				CLANG_ENABLE_OBJC_WEAK = YES;
				CLANG_WARN_BLOCK_CAPTURE_AUTORELEASING = YES;
				CLANG_WARN_BOOL_CONVERSION = YES;
				CLANG_WARN_COMMA = YES;
				CLANG_WARN_CONSTANT_CONVERSION = YES;
				CLANG_WARN_DEPRECATED_OBJC_IMPLEMENTATIONS = YES;
				CLANG_WARN_DIRECT_OBJC_ISA_USAGE = YES_ERROR;
				CLANG_WARN_DOCUMENTATION_COMMENTS = YES;
				CLANG_WARN_EMPTY_BODY = YES;
				CLANG_WARN_ENUM_CONVERSION = YES;
				CLANG_WARN_INFINITE_RECURSION = YES;
				CLANG_WARN_INT_CONVERSION = YES;
				CLANG_WARN_NON_LITERAL_NULL_CONVERSION = YES;
				CLANG_WARN_OBJC_IMPLICIT_RETAIN_SELF = YES;
				CLANG_WARN_OBJC_LITERAL_CONVERSION = YES;
				CLANG_WARN_OBJC_ROOT_CLASS = YES_ERROR;
				CLANG_WARN_QUOTED_INCLUDE_IN_FRAMEWORK_HEADER = YES;
				CLANG_WARN_RANGE_LOOP_ANALYSIS = YES;
				CLANG_WARN_STRICT_PROTOTYPES = YES;
				CLANG_WARN_SUSPICIOUS_MOVE = YES;
				CLANG_WARN_UNGUARDED_AVAILABILITY = YES_AGGRESSIVE;
				CLANG_WARN_UNREACHABLE_CODE = YES;
				CLANG_WARN__DUPLICATE_METHOD_MATCH = YES;
				COPY_PHASE_STRIP = NO;
				DEBUG_INFORMATION_FORMAT = dwarf;
				ENABLE_STRICT_OBJC_MSGSEND = YES;
				ENABLE_TESTABILITY = YES;
				GCC_C_LANGUAGE_STANDARD = gnu11;
				GCC_DYNAMIC_NO_PIC = NO;
				GCC_NO_COMMON_BLOCKS = YES;
				GCC_OPTIMIZATION_LEVEL = 0;
				GCC_PREPROCESSOR_DEFINITIONS = (
					"DEBUG=1",
					"$(inherited)",
				);
				GCC_WARN_64_TO_32_BIT_CONVERSION = YES;
				GCC_WARN_ABOUT_RETURN_TYPE = YES_ERROR;
				GCC_WARN_UNDECLARED_SELECTOR = YES;
				GCC_WARN_UNINITIALIZED_AUTOS = YES_AGGRESSIVE;
				GCC_WARN_UNUSED_FUNCTION = YES;
				GCC_WARN_UNUSED_VARIABLE = YES;
				MACOSX_DEPLOYMENT_TARGET = 11.1;
				MTL_ENABLE_DEBUG_INFO = INCLUDE_SOURCE;
				MTL_FAST_MATH = YES;
				ONLY_ACTIVE_ARCH = YES;
				SDKROOT = macosx;
				SWIFT_ACTIVE_COMPILATION_CONDITIONS = DEBUG;
				SWIFT_OPTIMIZATION_LEVEL = "-Onone";
			};
			name = Debug;
		};
		F6DC583725CDB8ED00D8FF48 /* Release */ = {
			isa = XCBuildConfiguration;
			buildSettings = {
				ALWAYS_SEARCH_USER_PATHS = NO;
				CLANG_ANALYZER_NONNULL = YES;
				CLANG_ANALYZER_NUMBER_OBJECT_CONVERSION = YES_AGGRESSIVE;
				CLANG_CXX_LANGUAGE_STANDARD = "gnu++14";
				CLANG_CXX_LIBRARY = "libc++";
				CLANG_ENABLE_MODULES = YES;
				CLANG_ENABLE_OBJC_ARC = YES;
				CLANG_ENABLE_OBJC_WEAK = YES;
				CLANG_WARN_BLOCK_CAPTURE_AUTORELEASING = YES;
				CLANG_WARN_BOOL_CONVERSION = YES;
				CLANG_WARN_COMMA = YES;
				CLANG_WARN_CONSTANT_CONVERSION = YES;
				CLANG_WARN_DEPRECATED_OBJC_IMPLEMENTATIONS = YES;
				CLANG_WARN_DIRECT_OBJC_ISA_USAGE = YES_ERROR;
				CLANG_WARN_DOCUMENTATION_COMMENTS = YES;
				CLANG_WARN_EMPTY_BODY = YES;
				CLANG_WARN_ENUM_CONVERSION = YES;
				CLANG_WARN_INFINITE_RECURSION = YES;
				CLANG_WARN_INT_CONVERSION = YES;
				CLANG_WARN_NON_LITERAL_NULL_CONVERSION = YES;
				CLANG_WARN_OBJC_IMPLICIT_RETAIN_SELF = YES;
				CLANG_WARN_OBJC_LITERAL_CONVERSION = YES;
				CLANG_WARN_OBJC_ROOT_CLASS = YES_ERROR;
				CLANG_WARN_QUOTED_INCLUDE_IN_FRAMEWORK_HEADER = YES;
				CLANG_WARN_RANGE_LOOP_ANALYSIS = YES;
				CLANG_WARN_STRICT_PROTOTYPES = YES;
				CLANG_WARN_SUSPICIOUS_MOVE = YES;
				CLANG_WARN_UNGUARDED_AVAILABILITY = YES_AGGRESSIVE;
				CLANG_WARN_UNREACHABLE_CODE = YES;
				CLANG_WARN__DUPLICATE_METHOD_MATCH = YES;
				COPY_PHASE_STRIP = NO;
				DEBUG_INFORMATION_FORMAT = "dwarf-with-dsym";
				ENABLE_NS_ASSERTIONS = NO;
				ENABLE_STRICT_OBJC_MSGSEND = YES;
				GCC_C_LANGUAGE_STANDARD = gnu11;
				GCC_NO_COMMON_BLOCKS = YES;
				GCC_WARN_64_TO_32_BIT_CONVERSION = YES;
				GCC_WARN_ABOUT_RETURN_TYPE = YES_ERROR;
				GCC_WARN_UNDECLARED_SELECTOR = YES;
				GCC_WARN_UNINITIALIZED_AUTOS = YES_AGGRESSIVE;
				GCC_WARN_UNUSED_FUNCTION = YES;
				GCC_WARN_UNUSED_VARIABLE = YES;
				MACOSX_DEPLOYMENT_TARGET = 11.1;
				MTL_ENABLE_DEBUG_INFO = NO;
				MTL_FAST_MATH = YES;
				SDKROOT = macosx;
				SWIFT_COMPILATION_MODE = wholemodule;
				SWIFT_OPTIMIZATION_LEVEL = "-O";
			};
			name = Release;
		};
		F6DC583925CDB8ED00D8FF48 /* Debug */ = {
			isa = XCBuildConfiguration;
			buildSettings = {
				ASSETCATALOG_COMPILER_APPICON_NAME = AppIcon;
				ASSETCATALOG_COMPILER_GLOBAL_ACCENT_COLOR_NAME = AccentColor;
				CODE_SIGN_ENTITLEMENTS = "macos-client/macos_client.entitlements";
				CODE_SIGN_STYLE = Automatic;
				COMBINE_HIDPI_IMAGES = YES;
				DEVELOPMENT_ASSET_PATHS = "\"macos-client/Preview Content\"";
				ENABLE_PREVIEWS = YES;
				INFOPLIST_FILE = "macos-client/Info.plist";
				LD_RUNPATH_SEARCH_PATHS = (
					"$(inherited)",
					"@executable_path/../Frameworks",
				);
				MACOSX_DEPLOYMENT_TARGET = 10.15;
				PRODUCT_BUNDLE_IDENTIFIER = "org.digital-stage.macos-client";
				PRODUCT_NAME = "$(TARGET_NAME)";
				SWIFT_VERSION = 5.0;
			};
			name = Debug;
		};
		F6DC583A25CDB8ED00D8FF48 /* Release */ = {
			isa = XCBuildConfiguration;
			buildSettings = {
				ASSETCATALOG_COMPILER_APPICON_NAME = AppIcon;
				ASSETCATALOG_COMPILER_GLOBAL_ACCENT_COLOR_NAME = AccentColor;
				CODE_SIGN_ENTITLEMENTS = "macos-client/macos_client.entitlements";
				CODE_SIGN_STYLE = Automatic;
				COMBINE_HIDPI_IMAGES = YES;
				DEVELOPMENT_ASSET_PATHS = "\"macos-client/Preview Content\"";
				ENABLE_PREVIEWS = YES;
				INFOPLIST_FILE = "macos-client/Info.plist";
				LD_RUNPATH_SEARCH_PATHS = (
					"$(inherited)",
					"@executable_path/../Frameworks",
				);
				MACOSX_DEPLOYMENT_TARGET = 10.15;
				PRODUCT_BUNDLE_IDENTIFIER = "org.digital-stage.macos-client";
				PRODUCT_NAME = "$(TARGET_NAME)";
				SWIFT_VERSION = 5.0;
			};
			name = Release;
		};
/* End XCBuildConfiguration section */

/* Begin XCConfigurationList section */
		F6DC582025CDB8EB00D8FF48 /* Build configuration list for PBXProject "macos-client" */ = {
			isa = XCConfigurationList;
			buildConfigurations = (
				F6DC583625CDB8ED00D8FF48 /* Debug */,
				F6DC583725CDB8ED00D8FF48 /* Release */,
			);
			defaultConfigurationIsVisible = 0;
			defaultConfigurationName = Release;
		};
		F6DC583825CDB8ED00D8FF48 /* Build configuration list for PBXNativeTarget "macos-client" */ = {
			isa = XCConfigurationList;
			buildConfigurations = (
				F6DC583925CDB8ED00D8FF48 /* Debug */,
				F6DC583A25CDB8ED00D8FF48 /* Release */,
			);
			defaultConfigurationIsVisible = 0;
			defaultConfigurationName = Release;
		};
/* End XCConfigurationList section */
	};
	rootObject = F6DC581D25CDB8EB00D8FF48 /* Project object */;
}
